
Microsoft Visual Studio Solution File, Format Version 12.00
# Visual Studio Version 16
VisualStudioVersion = 16.0.29509.3
MinimumVisualStudioVersion = 10.0.40219.1
Project("{9A19103F-16F7-4668-BE54-9A1E7A4F7556}") = "OOP.DesignerPattern", "OOP.DesignerPattern\OOP.DesignerPattern.csproj", "{D6D06D89-1B8F-4D07-B33D-EECFC5F1B9F2}"
EndProject
Project("{9A19103F-16F7-4668-BE54-9A1E7A4F7556}") = "OOP.DesignerPattern.AdapterPattern", "OOP.DesignerPattern.AdapterPattern\OOP.DesignerPattern.AdapterPattern.csproj", "{5953FB7E-8481-4E9D-AF76-2BE0AD74BE17}"
EndProject
Project("{9A19103F-16F7-4668-BE54-9A1E7A4F7556}") = "OOP.DesignerPattern.ProxyPattern", "OOP.DesignerPattern.ProxyPattern\OOP.DesignerPattern.ProxyPattern.csproj", "{116F48A2-25C2-4D08-A2C2-D8B7C1FB8EF7}"
EndProject
Project("{9A19103F-16F7-4668-BE54-9A1E7A4F7556}") = "OOP.DesignerPattern.DecoratorPattern", "OOP.DesignerPattern.DecoratorPattern\OOP.DesignerPattern.DecoratorPattern.csproj", "{E5719071-90B2-4190-96B0-71B892FA1F31}"
EndProject
Project("{9A19103F-16F7-4668-BE54-9A1E7A4F7556}") = "OOP.DesignerPattern.ObserverPattern", "OOP.DesignerPattern.ObserverPattern\OOP.DesignerPattern.ObserverPattern.csproj", "{7C7884CB-1433-4DF5-812D-9EFCCB3DA555}"
EndProject
Project("{9A19103F-16F7-4668-BE54-9A1E7A4F7556}") = "OOP.DesignerPattern.TemplateMethodPattern", "OOP.DesignerPattern.TemplateMethodPattern\OOP.DesignerPattern.TemplateMethodPattern.csproj", "{51EB22B0-111A-4193-AC36-4041CE6FE05A}"
EndProject
Project("{9A19103F-16F7-4668-BE54-9A1E7A4F7556}") = "OOP.DesignerPattern.ResponsibilityChainPattern", "OOP.DesignerPattern.ResponsibilityChainPattern\OOP.DesignerPattern.ResponsibilityChainPattern.csproj", "{06BCC7AE-73EE-40C8-BE6D-0C936B4F6832}"
EndProject
Project("{FAE04EC0-301F-11D3-BF4B-00C04F79EFBC}") = "OOP.DesignerPattern.SingletonPattern", "OOP.DesignerPattern.SingletonPattern\OOP.DesignerPattern.SingletonPattern.csproj", "{93FA7598-8762-4A76-A094-9E481345E83A}"
EndProject
Project("{2150E333-8FDC-42A3-9474-1A3956D46DE8}") = "Factory-Framework", "Factory-Framework", "{26541923-0DC0-4474-9D6E-B33C404A9E74}"
EndProject
Project("{FAE04EC0-301F-11D3-BF4B-00C04F79EFBC}") = "FactoryPattern.War3.Interface", "FactoryPattern.War3.Interface\FactoryPattern.War3.Interface.csproj", "{9E14B119-E42F-4A46-894C-E73BDCB40A9E}"
EndProject
Project("{FAE04EC0-301F-11D3-BF4B-00C04F79EFBC}") = "FactoryPattern.War3.Service", "FactoryPattern.War3.Service\FactoryPattern.War3.Service.csproj", "{F16F5A67-5BA1-4D36-8536-734CA81A8283}"
EndProject
Project("{FAE04EC0-301F-11D3-BF4B-00C04F79EFBC}") = "FactoryPattern.War3.ServiceExtend", "FactoryPattern.War3.ServiceExtend\FactoryPattern.War3.ServiceExtend.csproj", "{71C6F9F6-72CB-44B0-AEAB-784C7F7E2AD8}"
EndProject
Project("{FAE04EC0-301F-11D3-BF4B-00C04F79EFBC}") = "OOP.DesignerPattern.ThreeFactory", "OOP.DesignerPattern.ThreeFactory\OOP.DesignerPattern.ThreeFactory.csproj", "{08D7E6DB-D0EB-4EFB-97F8-9458FC9D244F}"
EndProject
Global
	GlobalSection(SolutionConfigurationPlatforms) = preSolution
		Debug|Any CPU = Debug|Any CPU
		Release|Any CPU = Release|Any CPU
	EndGlobalSection
	GlobalSection(ProjectConfigurationPlatforms) = postSolution
		{D6D06D89-1B8F-4D07-B33D-EECFC5F1B9F2}.Debug|Any CPU.ActiveCfg = Debug|Any CPU
		{D6D06D89-1B8F-4D07-B33D-EECFC5F1B9F2}.Debug|Any CPU.Build.0 = Debug|Any CPU
		{D6D06D89-1B8F-4D07-B33D-EECFC5F1B9F2}.Release|Any CPU.ActiveCfg = Release|Any CPU
		{D6D06D89-1B8F-4D07-B33D-EECFC5F1B9F2}.Release|Any CPU.Build.0 = Release|Any CPU
		{5953FB7E-8481-4E9D-AF76-2BE0AD74BE17}.Debug|Any CPU.ActiveCfg = Debug|Any CPU
		{5953FB7E-8481-4E9D-AF76-2BE0AD74BE17}.Debug|Any CPU.Build.0 = Debug|Any CPU
		{5953FB7E-8481-4E9D-AF76-2BE0AD74BE17}.Release|Any CPU.ActiveCfg = Release|Any CPU
		{5953FB7E-8481-4E9D-AF76-2BE0AD74BE17}.Release|Any CPU.Build.0 = Release|Any CPU
		{116F48A2-25C2-4D08-A2C2-D8B7C1FB8EF7}.Debug|Any CPU.ActiveCfg = Debug|Any CPU
		{116F48A2-25C2-4D08-A2C2-D8B7C1FB8EF7}.Debug|Any CPU.Build.0 = Debug|Any CPU
		{116F48A2-25C2-4D08-A2C2-D8B7C1FB8EF7}.Release|Any CPU.ActiveCfg = Release|Any CPU
		{116F48A2-25C2-4D08-A2C2-D8B7C1FB8EF7}.Release|Any CPU.Build.0 = Release|Any CPU
		{E5719071-90B2-4190-96B0-71B892FA1F31}.Debug|Any CPU.ActiveCfg = Debug|Any CPU
		{E5719071-90B2-4190-96B0-71B892FA1F31}.Debug|Any CPU.Build.0 = Debug|Any CPU
		{E5719071-90B2-4190-96B0-71B892FA1F31}.Release|Any CPU.ActiveCfg = Release|Any CPU
		{E5719071-90B2-4190-96B0-71B892FA1F31}.Release|Any CPU.Build.0 = Release|Any CPU
		{7C7884CB-1433-4DF5-812D-9EFCCB3DA555}.Debug|Any CPU.ActiveCfg = Debug|Any CPU
		{7C7884CB-1433-4DF5-812D-9EFCCB3DA555}.Debug|Any CPU.Build.0 = Debug|Any CPU
		{7C7884CB-1433-4DF5-812D-9EFCCB3DA555}.Release|Any CPU.ActiveCfg = Release|Any CPU
		{7C7884CB-1433-4DF5-812D-9EFCCB3DA555}.Release|Any CPU.Build.0 = Release|Any CPU
		{51EB22B0-111A-4193-AC36-4041CE6FE05A}.Debug|Any CPU.ActiveCfg = Debug|Any CPU
		{51EB22B0-111A-4193-AC36-4041CE6FE05A}.Debug|Any CPU.Build.0 = Debug|Any CPU
		{51EB22B0-111A-4193-AC36-4041CE6FE05A}.Release|Any CPU.ActiveCfg = Release|Any CPU
		{51EB22B0-111A-4193-AC36-4041CE6FE05A}.Release|Any CPU.Build.0 = Release|Any CPU
		{06BCC7AE-73EE-40C8-BE6D-0C936B4F6832}.Debug|Any CPU.ActiveCfg = Debug|Any CPU
		{06BCC7AE-73EE-40C8-BE6D-0C936B4F6832}.Debug|Any CPU.Build.0 = Debug|Any CPU
		{06BCC7AE-73EE-40C8-BE6D-0C936B4F6832}.Release|Any CPU.ActiveCfg = Release|Any CPU
		{06BCC7AE-73EE-40C8-BE6D-0C936B4F6832}.Release|Any CPU.Build.0 = Release|Any CPU
		{93FA7598-8762-4A76-A094-9E481345E83A}.Debug|Any CPU.ActiveCfg = Debug|Any CPU
		{93FA7598-8762-4A76-A094-9E481345E83A}.Debug|Any CPU.Build.0 = Debug|Any CPU
		{93FA7598-8762-4A76-A094-9E481345E83A}.Release|Any CPU.ActiveCfg = Release|Any CPU
		{93FA7598-8762-4A76-A094-9E481345E83A}.Release|Any CPU.Build.0 = Release|Any CPU
		{9E14B119-E42F-4A46-894C-E73BDCB40A9E}.Debug|Any CPU.ActiveCfg = Debug|Any CPU
		{9E14B119-E42F-4A46-894C-E73BDCB40A9E}.Debug|Any CPU.Build.0 = Debug|Any CPU
		{9E14B119-E42F-4A46-894C-E73BDCB40A9E}.Release|Any CPU.ActiveCfg = Release|Any CPU
		{9E14B119-E42F-4A46-894C-E73BDCB40A9E}.Release|Any CPU.Build.0 = Release|Any CPU
		{F16F5A67-5BA1-4D36-8536-734CA81A8283}.Debug|Any CPU.ActiveCfg = Debug|Any CPU
		{F16F5A67-5BA1-4D36-8536-734CA81A8283}.Debug|Any CPU.Build.0 = Debug|Any CPU
		{F16F5A67-5BA1-4D36-8536-734CA81A8283}.Release|Any CPU.ActiveCfg = Release|Any CPU
		{F16F5A67-5BA1-4D36-8536-734CA81A8283}.Release|Any CPU.Build.0 = Release|Any CPU
		{71C6F9F6-72CB-44B0-AEAB-784C7F7E2AD8}.Debug|Any CPU.ActiveCfg = Debug|Any CPU
		{71C6F9F6-72CB-44B0-AEAB-784C7F7E2AD8}.Debug|Any CPU.Build.0 = Debug|Any CPU
		{71C6F9F6-72CB-44B0-AEAB-784C7F7E2AD8}.Release|Any CPU.ActiveCfg = Release|Any CPU
		{71C6F9F6-72CB-44B0-AEAB-784C7F7E2AD8}.Release|Any CPU.Build.0 = Release|Any CPU
		{08D7E6DB-D0EB-4EFB-97F8-9458FC9D244F}.Debug|Any CPU.ActiveCfg = Debug|Any CPU
		{08D7E6DB-D0EB-4EFB-97F8-9458FC9D244F}.Debug|Any CPU.Build.0 = Debug|Any CPU
		{08D7E6DB-D0EB-4EFB-97F8-9458FC9D244F}.Release|Any CPU.ActiveCfg = Release|Any CPU
		{08D7E6DB-D0EB-4EFB-97F8-9458FC9D244F}.Release|Any CPU.Build.0 = Release|Any CPU
	EndGlobalSection
	GlobalSection(SolutionProperties) = preSolution
		HideSolutionNode = FALSE
	EndGlobalSection
	GlobalSection(NestedProjects) = preSolution
		{9E14B119-E42F-4A46-894C-E73BDCB40A9E} = {26541923-0DC0-4474-9D6E-B33C404A9E74}
		{F16F5A67-5BA1-4D36-8536-734CA81A8283} = {26541923-0DC0-4474-9D6E-B33C404A9E74}
		{71C6F9F6-72CB-44B0-AEAB-784C7F7E2AD8} = {26541923-0DC0-4474-9D6E-B33C404A9E74}
		{08D7E6DB-D0EB-4EFB-97F8-9458FC9D244F} = {26541923-0DC0-4474-9D6E-B33C404A9E74}
	EndGlobalSection
	GlobalSection(ExtensibilityGlobals) = postSolution
		SolutionGuid = {0E691028-5398-4A65-B41A-0F2E69B61C70}
	EndGlobalSection
EndGlobal
