
Microsoft Visual Studio Solution File, Format Version 12.00
# Visual Studio Version 16
VisualStudioVersion = 16.0.29503.13
MinimumVisualStudioVersion = 10.0.40219.1
Project("{FAE04EC0-301F-11D3-BF4B-00C04F79EFBC}") = "MyDispatcherProject", "MyDispatcherProject\MyDispatcherProject.csproj", "{6D5943FD-96F3-42DF-8F55-2048B618ADC7}"
EndProject
Project("{FAE04EC0-301F-11D3-BF4B-00C04F79EFBC}") = "DispatcherProject.QuartzNet", "DispatcherProject.QuartzNet\DispatcherProject.QuartzNet.csproj", "{553FD5B0-34DB-4BD0-A091-C3A42CA93EC9}"
EndProject
Global
	GlobalSection(SolutionConfigurationPlatforms) = preSolution
		Debug|Any CPU = Debug|Any CPU
		Release|Any CPU = Release|Any CPU
	EndGlobalSection
	GlobalSection(ProjectConfigurationPlatforms) = postSolution
		{6D5943FD-96F3-42DF-8F55-2048B618ADC7}.Debug|Any CPU.ActiveCfg = Debug|Any CPU
		{6D5943FD-96F3-42DF-8F55-2048B618ADC7}.Debug|Any CPU.Build.0 = Debug|Any CPU
		{6D5943FD-96F3-42DF-8F55-2048B618ADC7}.Release|Any CPU.ActiveCfg = Release|Any CPU
		{6D5943FD-96F3-42DF-8F55-2048B618ADC7}.Release|Any CPU.Build.0 = Release|Any CPU
		{553FD5B0-34DB-4BD0-A091-C3A42CA93EC9}.Debug|Any CPU.ActiveCfg = Debug|Any CPU
		{553FD5B0-34DB-4BD0-A091-C3A42CA93EC9}.Debug|Any CPU.Build.0 = Debug|Any CPU
		{553FD5B0-34DB-4BD0-A091-C3A42CA93EC9}.Release|Any CPU.ActiveCfg = Release|Any CPU
		{553FD5B0-34DB-4BD0-A091-C3A42CA93EC9}.Release|Any CPU.Build.0 = Release|Any CPU
	EndGlobalSection
	GlobalSection(SolutionProperties) = preSolution
		HideSolutionNode = FALSE
	EndGlobalSection
	GlobalSection(ExtensibilityGlobals) = postSolution
		SolutionGuid = {1114FD6C-DF65-4B24-B95F-BBFA63BE860E}
	EndGlobalSection
EndGlobal
