
Microsoft Visual Studio Solution File, Format Version 12.00
# Visual Studio Version 16
VisualStudioVersion = 16.0.29403.142
MinimumVisualStudioVersion = 10.0.40219.1
Project("{FAE04EC0-301F-11D3-BF4B-00C04F79EFBC}") = "MyGeneric", "MyGeneric\MyGeneric.csproj", "{0417B48F-B1D4-43AD-9336-7A426667799C}"
EndProject
Global
	GlobalSection(SolutionConfigurationPlatforms) = preSolution
		Debug|Any CPU = Debug|Any CPU
		Release|Any CPU = Release|Any CPU
	EndGlobalSection
	GlobalSection(ProjectConfigurationPlatforms) = postSolution
		{0417B48F-B1D4-43AD-9336-7A426667799C}.Debug|Any CPU.ActiveCfg = Debug|Any CPU
		{0417B48F-B1D4-43AD-9336-7A426667799C}.Debug|Any CPU.Build.0 = Debug|Any CPU
		{0417B48F-B1D4-43AD-9336-7A426667799C}.Release|Any CPU.ActiveCfg = Release|Any CPU
		{0417B48F-B1D4-43AD-9336-7A426667799C}.Release|Any CPU.Build.0 = Release|Any CPU
	EndGlobalSection
	GlobalSection(SolutionProperties) = preSolution
		HideSolutionNode = FALSE
	EndGlobalSection
	GlobalSection(ExtensibilityGlobals) = postSolution
		SolutionGuid = {B9EDE1A9-0A4D-4CF3-B766-72C0A47F7B9F}
	EndGlobalSection
EndGlobal
